github.com/Bearox/go-test/greetings v0.0.0-20210403141340-533cdbc5510d h1:wkWtZBu34f1iiMwrbm6830+QMX4tpgTutzEcH492uXQ=
github.com/Bearox/go-test/greetings v0.0.0-20210403141340-533cdbc5510d/go.mod h1:rVbpjH8cHv5ZOF9Z2ZcjABu11XxNwbvZb53qTDspuKM=
github.com/Bearox/go-test/greetings v0.0.0-20210403143038-aeee0f13f128 h1:eDoaYxrcPn8dDvqWCLmE0lcrB0gclgB5/wJW4YJ0Tm0=
github.com/Bearox/go-test/greetings v0.0.0-20210403143038-aeee0f13f128/go.mod h1:rVbpjH8cHv5ZOF9Z2ZcjABu11XxNwbvZb53qTDspuKM=
golang.org/x/text v0.0.0-20170915032832-14c0d48ead0c h1:qgOY6WgZOaTkIIMiVjBQcw93ERBE4m30iBm00nkL0i8=
golang.org/x/text v0.0.0-20170915032832-14c0d48ead0c/go.mod h1:NqM8EUOU14njkJ3fqMW+pc6Ldnwhi/IjpwHt7yyuwOQ=
rsc.io/quote v1.5.2 h1:w5fcysjrx7yqtD/aO+QwRjYZOKnaM9Uh2b40tElTs3Y=
rsc.io/quote v1.5.2/go.mod h1:LzX7hefJvL54yjefDEDHNONDjII0t9xZLPXsUe+TKr0=
rsc.io/sampler v1.3.0 h1:7uVkIFmeBqHfdjD+gZwtXXI+RODJ2Wc4O7MPEh/QiW4=
rsc.io/sampler v1.3.0/go.mod h1:T1hPZKmBbMNahiBKFy5HrXp6adAjACjK9JXDnKaTXpA=
